
Microsoft Visual Studio Solution File, Format Version 12.00
# Visual Studio Version 16
VisualStudioVersion = 16.0.30804.86
MinimumVisualStudioVersion = 10.0.40219.1
Project("{9A19103F-16F7-4668-BE54-9A1E7A4F7556}") = "HelloVue.MVC", "HelloVue.MVC\HelloVue.MVC.csproj", "{30E104D2-438C-42B6-8289-DC53E8042815}"
EndProject
Project("{9092AA53-FB77-4645-B42D-1CCCA6BD08BD}") = "HelloVue.UI", "HelloVue.UI\HelloVue.UI.njsproj", "{ECC914D0-CD93-444C-B904-0C8B8E395C6A}"
EndProject
Global
	GlobalSection(SolutionConfigurationPlatforms) = preSolution
		Debug|Any CPU = Debug|Any CPU
		Release|Any CPU = Release|Any CPU
	EndGlobalSection
	GlobalSection(ProjectConfigurationPlatforms) = postSolution
		{30E104D2-438C-42B6-8289-DC53E8042815}.Debug|Any CPU.ActiveCfg = Debug|Any CPU
		{30E104D2-438C-42B6-8289-DC53E8042815}.Debug|Any CPU.Build.0 = Debug|Any CPU
		{30E104D2-438C-42B6-8289-DC53E8042815}.Release|Any CPU.ActiveCfg = Release|Any CPU
		{30E104D2-438C-42B6-8289-DC53E8042815}.Release|Any CPU.Build.0 = Release|Any CPU
		{ECC914D0-CD93-444C-B904-0C8B8E395C6A}.Debug|Any CPU.ActiveCfg = Debug|Any CPU
		{ECC914D0-CD93-444C-B904-0C8B8E395C6A}.Debug|Any CPU.Build.0 = Debug|Any CPU
		{ECC914D0-CD93-444C-B904-0C8B8E395C6A}.Release|Any CPU.ActiveCfg = Release|Any CPU
		{ECC914D0-CD93-444C-B904-0C8B8E395C6A}.Release|Any CPU.Build.0 = Release|Any CPU
	EndGlobalSection
	GlobalSection(SolutionProperties) = preSolution
		HideSolutionNode = FALSE
	EndGlobalSection
	GlobalSection(ExtensibilityGlobals) = postSolution
		SolutionGuid = {B6015C6A-2A4E-4956-B0CA-9BCCAB5C4B89}
	EndGlobalSection
EndGlobal
